
Microsoft Visual Studio Solution File, Format Version 12.00
# Visual Studio Version 17
VisualStudioVersion = 17.5.33424.131
MinimumVisualStudioVersion = 10.0.40219.1
Project("{9A19103F-16F7-4668-BE54-9A1E7A4F7556}") = "WritingFunctions", "WritingFunctions\WritingFunctions.csproj", "{5664EFD7-A791-4E3F-9D84-88D66AF81AB6}"
EndProject
Project("{9A19103F-16F7-4668-BE54-9A1E7A4F7556}") = "Debugging", "Debugging\Debugging.csproj", "{B3F9868E-A88D-4BB7-96C5-DBD50886E9F2}"
EndProject
Project("{9A19103F-16F7-4668-BE54-9A1E7A4F7556}") = "HotReloading", "HotReloading\HotReloading.csproj", "{77E71A75-CEC1-45FE-B6C9-955956B7CA68}"
EndProject
Project("{9A19103F-16F7-4668-BE54-9A1E7A4F7556}") = "Instrumenting", "Instrumenting\Instrumenting.csproj", "{FAB917AD-8A7F-4E55-9E9D-8A7370C8EC33}"
EndProject
Project("{9A19103F-16F7-4668-BE54-9A1E7A4F7556}") = "CalculatorLib", "CalculatorLib\CalculatorLib.csproj", "{EEF5E797-A383-4363-A81B-0BAB0907A9A5}"
EndProject
Project("{9A19103F-16F7-4668-BE54-9A1E7A4F7556}") = "CalculatorLibUnitTests", "CalculatorLibUnitTests\CalculatorLibUnitTests.csproj", "{085FE459-BD92-4D17-8B51-892F8AFC9E56}"
EndProject
Project("{9A19103F-16F7-4668-BE54-9A1E7A4F7556}") = "CallStackExceptionHandlingLib", "ClassStackExceptionHandlingLib\CallStackExceptionHandlingLib.csproj", "{D035DF03-F73A-469F-8B6E-19EF3AC55641}"
EndProject
Project("{9A19103F-16F7-4668-BE54-9A1E7A4F7556}") = "CallStackExceptionHandling", "CallStackExceptionHandling\CallStackExceptionHandling.csproj", "{4655FE25-FEFC-460D-8131-97EBA93C7315}"
EndProject
Project("{9A19103F-16F7-4668-BE54-9A1E7A4F7556}") = "Ch04Ex02PrimeFactorsLib", "Ch04Ex02PrimeFactorsLib\Ch04Ex02PrimeFactorsLib.csproj", "{9D526F72-941B-4CED-A844-CFA8DC036C1B}"
EndProject
Project("{9A19103F-16F7-4668-BE54-9A1E7A4F7556}") = "Ch04Ex02PrimeFactorsTests", "Ch04Ex02PrimeFactorsTests\Ch04Ex02PrimeFactorsTests.csproj", "{9BDBDAC7-E76D-44AD-B615-5014BF4B0500}"
EndProject
Project("{9A19103F-16F7-4668-BE54-9A1E7A4F7556}") = "Ch04Ex02PrimeFactorsApp", "Ch04Ex02PrimeFactorsApp\Ch04Ex02PrimeFactorsApp.csproj", "{6A6654CF-1802-40F4-91A1-CBF6D75F5EFB}"
EndProject
Project("{FAE04EC0-301F-11D3-BF4B-00C04F79EFBC}") = "WebImplementation", "WebImplementation\WebImplementation.csproj", "{B4C984EB-8C18-44AB-A92A-8CFACFE81439}"
EndProject
Global
	GlobalSection(SolutionConfigurationPlatforms) = preSolution
		Debug|Any CPU = Debug|Any CPU
		Release|Any CPU = Release|Any CPU
	EndGlobalSection
	GlobalSection(ProjectConfigurationPlatforms) = postSolution
		{5664EFD7-A791-4E3F-9D84-88D66AF81AB6}.Debug|Any CPU.ActiveCfg = Debug|Any CPU
		{5664EFD7-A791-4E3F-9D84-88D66AF81AB6}.Debug|Any CPU.Build.0 = Debug|Any CPU
		{5664EFD7-A791-4E3F-9D84-88D66AF81AB6}.Release|Any CPU.ActiveCfg = Release|Any CPU
		{5664EFD7-A791-4E3F-9D84-88D66AF81AB6}.Release|Any CPU.Build.0 = Release|Any CPU
		{B3F9868E-A88D-4BB7-96C5-DBD50886E9F2}.Debug|Any CPU.ActiveCfg = Debug|Any CPU
		{B3F9868E-A88D-4BB7-96C5-DBD50886E9F2}.Debug|Any CPU.Build.0 = Debug|Any CPU
		{B3F9868E-A88D-4BB7-96C5-DBD50886E9F2}.Release|Any CPU.ActiveCfg = Release|Any CPU
		{B3F9868E-A88D-4BB7-96C5-DBD50886E9F2}.Release|Any CPU.Build.0 = Release|Any CPU
		{77E71A75-CEC1-45FE-B6C9-955956B7CA68}.Debug|Any CPU.ActiveCfg = Debug|Any CPU
		{77E71A75-CEC1-45FE-B6C9-955956B7CA68}.Debug|Any CPU.Build.0 = Debug|Any CPU
		{77E71A75-CEC1-45FE-B6C9-955956B7CA68}.Release|Any CPU.ActiveCfg = Release|Any CPU
		{77E71A75-CEC1-45FE-B6C9-955956B7CA68}.Release|Any CPU.Build.0 = Release|Any CPU
		{FAB917AD-8A7F-4E55-9E9D-8A7370C8EC33}.Debug|Any CPU.ActiveCfg = Debug|Any CPU
		{FAB917AD-8A7F-4E55-9E9D-8A7370C8EC33}.Debug|Any CPU.Build.0 = Debug|Any CPU
		{FAB917AD-8A7F-4E55-9E9D-8A7370C8EC33}.Release|Any CPU.ActiveCfg = Release|Any CPU
		{FAB917AD-8A7F-4E55-9E9D-8A7370C8EC33}.Release|Any CPU.Build.0 = Release|Any CPU
		{EEF5E797-A383-4363-A81B-0BAB0907A9A5}.Debug|Any CPU.ActiveCfg = Debug|Any CPU
		{EEF5E797-A383-4363-A81B-0BAB0907A9A5}.Debug|Any CPU.Build.0 = Debug|Any CPU
		{EEF5E797-A383-4363-A81B-0BAB0907A9A5}.Release|Any CPU.ActiveCfg = Release|Any CPU
		{EEF5E797-A383-4363-A81B-0BAB0907A9A5}.Release|Any CPU.Build.0 = Release|Any CPU
		{085FE459-BD92-4D17-8B51-892F8AFC9E56}.Debug|Any CPU.ActiveCfg = Debug|Any CPU
		{085FE459-BD92-4D17-8B51-892F8AFC9E56}.Debug|Any CPU.Build.0 = Debug|Any CPU
		{085FE459-BD92-4D17-8B51-892F8AFC9E56}.Release|Any CPU.ActiveCfg = Release|Any CPU
		{085FE459-BD92-4D17-8B51-892F8AFC9E56}.Release|Any CPU.Build.0 = Release|Any CPU
		{D035DF03-F73A-469F-8B6E-19EF3AC55641}.Debug|Any CPU.ActiveCfg = Debug|Any CPU
		{D035DF03-F73A-469F-8B6E-19EF3AC55641}.Debug|Any CPU.Build.0 = Debug|Any CPU
		{D035DF03-F73A-469F-8B6E-19EF3AC55641}.Release|Any CPU.ActiveCfg = Release|Any CPU
		{D035DF03-F73A-469F-8B6E-19EF3AC55641}.Release|Any CPU.Build.0 = Release|Any CPU
		{4655FE25-FEFC-460D-8131-97EBA93C7315}.Debug|Any CPU.ActiveCfg = Debug|Any CPU
		{4655FE25-FEFC-460D-8131-97EBA93C7315}.Debug|Any CPU.Build.0 = Debug|Any CPU
		{4655FE25-FEFC-460D-8131-97EBA93C7315}.Release|Any CPU.ActiveCfg = Release|Any CPU
		{4655FE25-FEFC-460D-8131-97EBA93C7315}.Release|Any CPU.Build.0 = Release|Any CPU
		{9D526F72-941B-4CED-A844-CFA8DC036C1B}.Debug|Any CPU.ActiveCfg = Debug|Any CPU
		{9D526F72-941B-4CED-A844-CFA8DC036C1B}.Debug|Any CPU.Build.0 = Debug|Any CPU
		{9D526F72-941B-4CED-A844-CFA8DC036C1B}.Release|Any CPU.ActiveCfg = Release|Any CPU
		{9D526F72-941B-4CED-A844-CFA8DC036C1B}.Release|Any CPU.Build.0 = Release|Any CPU
		{9BDBDAC7-E76D-44AD-B615-5014BF4B0500}.Debug|Any CPU.ActiveCfg = Debug|Any CPU
		{9BDBDAC7-E76D-44AD-B615-5014BF4B0500}.Debug|Any CPU.Build.0 = Debug|Any CPU
		{9BDBDAC7-E76D-44AD-B615-5014BF4B0500}.Release|Any CPU.ActiveCfg = Release|Any CPU
		{9BDBDAC7-E76D-44AD-B615-5014BF4B0500}.Release|Any CPU.Build.0 = Release|Any CPU
		{6A6654CF-1802-40F4-91A1-CBF6D75F5EFB}.Debug|Any CPU.ActiveCfg = Debug|Any CPU
		{6A6654CF-1802-40F4-91A1-CBF6D75F5EFB}.Debug|Any CPU.Build.0 = Debug|Any CPU
		{6A6654CF-1802-40F4-91A1-CBF6D75F5EFB}.Release|Any CPU.ActiveCfg = Release|Any CPU
		{6A6654CF-1802-40F4-91A1-CBF6D75F5EFB}.Release|Any CPU.Build.0 = Release|Any CPU
		{B4C984EB-8C18-44AB-A92A-8CFACFE81439}.Debug|Any CPU.ActiveCfg = Debug|Any CPU
		{B4C984EB-8C18-44AB-A92A-8CFACFE81439}.Debug|Any CPU.Build.0 = Debug|Any CPU
		{B4C984EB-8C18-44AB-A92A-8CFACFE81439}.Release|Any CPU.ActiveCfg = Release|Any CPU
		{B4C984EB-8C18-44AB-A92A-8CFACFE81439}.Release|Any CPU.Build.0 = Release|Any CPU
	EndGlobalSection
	GlobalSection(SolutionProperties) = preSolution
		HideSolutionNode = FALSE
	EndGlobalSection
	GlobalSection(ExtensibilityGlobals) = postSolution
		SolutionGuid = {4A7D06F3-A6D7-466C-9966-DC669DB963C0}
	EndGlobalSection
EndGlobal
