
Microsoft Visual Studio Solution File, Format Version 12.00
# Visual Studio Version 17
VisualStudioVersion = 17.5.33530.505
MinimumVisualStudioVersion = 10.0.40219.1
Project("{9A19103F-16F7-4668-BE54-9A1E7A4F7556}") = "WorkingWithEFCore", "WorkingWithEFCore\WorkingWithEFCore.csproj", "{CACFF8BC-28F0-4581-848F-38C104554C3F}"
EndProject
Project("{9A19103F-16F7-4668-BE54-9A1E7A4F7556}") = "CoursesAndStudents", "CoursesAndStudents\CoursesAndStudents.csproj", "{5165500F-4006-43AA-AB4A-75982538D1DE}"
EndProject
Project("{FAE04EC0-301F-11D3-BF4B-00C04F79EFBC}") = "Ch10Ex02DataSerialization", "Ch10Ex02DataSerialization\Ch10Ex02DataSerialization.csproj", "{AD5B02BF-1241-4B7F-948D-7CEA7C0A2872}"
EndProject
Global
	GlobalSection(SolutionConfigurationPlatforms) = preSolution
		Debug|Any CPU = Debug|Any CPU
		Release|Any CPU = Release|Any CPU
	EndGlobalSection
	GlobalSection(ProjectConfigurationPlatforms) = postSolution
		{CACFF8BC-28F0-4581-848F-38C104554C3F}.Debug|Any CPU.ActiveCfg = Debug|Any CPU
		{CACFF8BC-28F0-4581-848F-38C104554C3F}.Debug|Any CPU.Build.0 = Debug|Any CPU
		{CACFF8BC-28F0-4581-848F-38C104554C3F}.Release|Any CPU.ActiveCfg = Release|Any CPU
		{CACFF8BC-28F0-4581-848F-38C104554C3F}.Release|Any CPU.Build.0 = Release|Any CPU
		{5165500F-4006-43AA-AB4A-75982538D1DE}.Debug|Any CPU.ActiveCfg = Debug|Any CPU
		{5165500F-4006-43AA-AB4A-75982538D1DE}.Debug|Any CPU.Build.0 = Debug|Any CPU
		{5165500F-4006-43AA-AB4A-75982538D1DE}.Release|Any CPU.ActiveCfg = Release|Any CPU
		{5165500F-4006-43AA-AB4A-75982538D1DE}.Release|Any CPU.Build.0 = Release|Any CPU
		{AD5B02BF-1241-4B7F-948D-7CEA7C0A2872}.Debug|Any CPU.ActiveCfg = Debug|Any CPU
		{AD5B02BF-1241-4B7F-948D-7CEA7C0A2872}.Debug|Any CPU.Build.0 = Debug|Any CPU
		{AD5B02BF-1241-4B7F-948D-7CEA7C0A2872}.Release|Any CPU.ActiveCfg = Release|Any CPU
		{AD5B02BF-1241-4B7F-948D-7CEA7C0A2872}.Release|Any CPU.Build.0 = Release|Any CPU
	EndGlobalSection
	GlobalSection(SolutionProperties) = preSolution
		HideSolutionNode = FALSE
	EndGlobalSection
	GlobalSection(ExtensibilityGlobals) = postSolution
		SolutionGuid = {AA71CEF9-EE53-430B-B50A-98823750D2CE}
	EndGlobalSection
EndGlobal
